
Microsoft Visual Studio Solution File, Format Version 12.00
# Visual Studio Version 17
VisualStudioVersion = 17.4.33403.182
MinimumVisualStudioVersion = 10.0.40219.1
Project("{FAE04EC0-301F-11D3-BF4B-00C04F79EFBC}") = "GeradorSenhas", "GeradorSenhas\GeradorSenhas.csproj", "{E23D5747-2B75-49BC-97CA-454521D5B71C}"
EndProject
Global
	GlobalSection(SolutionConfigurationPlatforms) = preSolution
		Debug|Any CPU = Debug|Any CPU
		Release|Any CPU = Release|Any CPU
	EndGlobalSection
	GlobalSection(ProjectConfigurationPlatforms) = postSolution
		{E23D5747-2B75-49BC-97CA-454521D5B71C}.Debug|Any CPU.ActiveCfg = Debug|Any CPU
		{E23D5747-2B75-49BC-97CA-454521D5B71C}.Debug|Any CPU.Build.0 = Debug|Any CPU
		{E23D5747-2B75-49BC-97CA-454521D5B71C}.Release|Any CPU.ActiveCfg = Release|Any CPU
		{E23D5747-2B75-49BC-97CA-454521D5B71C}.Release|Any CPU.Build.0 = Release|Any CPU
	EndGlobalSection
	GlobalSection(SolutionProperties) = preSolution
		HideSolutionNode = FALSE
	EndGlobalSection
	GlobalSection(ExtensibilityGlobals) = postSolution
		SolutionGuid = {9921238D-FE75-4D8F-939B-FE345E2FEC45}
	EndGlobalSection
EndGlobal
